# THIS IS AN AUTOGENERATED FILE. DO NOT EDIT THIS FILE DIRECTLY.
# yarn lockfile v1


find-exec@1.0.0:
  version "1.0.0"
  resolved "https://registry.yarnpkg.com/find-exec/-/find-exec-1.0.0.tgz#65249cd524de08050531d9d0b84ad2ee1ab727c9"
  integrity sha1-ZSSc1STeCAUFMdnQuErS7hq3J8k=
  dependencies:
    sync-exec "^0.6.2"

minimist@^1.2.0:
  version "1.2.0"
  resolved "https://registry.yarnpkg.com/minimist/-/minimist-1.2.0.tgz#a35008b20f41383eec1fb914f4cd5df79a264284"
  integrity sha1-o1AIsg9BOD7sH7kU9M1d95omQoQ=

play-sound@^1.1.2:
  version "1.1.2"
  resolved "https://registry.yarnpkg.com/play-sound/-/play-sound-1.1.2.tgz#aaca3047692af571c0d3a9dc475a5fa7c21322c5"
  integrity sha1-qsowR2kq9XHA06ncR1pfp8ITIsU=
  dependencies:
    find-exec "1.0.0"

sync-exec@^0.6.2:
  version "0.6.2"
  resolved "https://registry.yarnpkg.com/sync-exec/-/sync-exec-0.6.2.tgz#717d22cc53f0ce1def5594362f3a89a2ebb91105"
  integrity sha1-cX0izFPwzh3vVZQ2LzqJouu5EQU=
